
Microsoft Visual Studio Solution File, Format Version 12.00
# Visual Studio Version 17
VisualStudioVersion = 17.13.35806.99 d17.13
MinimumVisualStudioVersion = 10.0.40219.1
Project("{FAE04EC0-301F-11D3-BF4B-00C04F79EFBC}") = "Tarea6AppWeb", "Tarea6AppWeb\Tarea6AppWeb.csproj", "{873CE032-84AB-484A-827C-45A4F371BE1C}"
EndProject
Global
	GlobalSection(SolutionConfigurationPlatforms) = preSolution
		Debug|Any CPU = Debug|Any CPU
		Release|Any CPU = Release|Any CPU
	EndGlobalSection
	GlobalSection(ProjectConfigurationPlatforms) = postSolution
		{873CE032-84AB-484A-827C-45A4F371BE1C}.Debug|Any CPU.ActiveCfg = Debug|Any CPU
		{873CE032-84AB-484A-827C-45A4F371BE1C}.Debug|Any CPU.Build.0 = Debug|Any CPU
		{873CE032-84AB-484A-827C-45A4F371BE1C}.Release|Any CPU.ActiveCfg = Release|Any CPU
		{873CE032-84AB-484A-827C-45A4F371BE1C}.Release|Any CPU.Build.0 = Release|Any CPU
	EndGlobalSection
	GlobalSection(SolutionProperties) = preSolution
		HideSolutionNode = FALSE
	EndGlobalSection
	GlobalSection(ExtensibilityGlobals) = postSolution
		SolutionGuid = {DED16F7F-501F-4FB9-B9C8-3B4D5913674F}
	EndGlobalSection
EndGlobal
